{
  "originHash" : "907eb6b3fd480c7ae3b5739f7b50e99a7eea910dcc2adbc6a4a56fdb6e7e57b8",
  "pins" : [
    {
      "identity" : "dynamicnotchkit",
      "kind" : "remoteSourceControl",
      "location" : "https://github.com/MrKai77/DynamicNotchKit",
      "state" : {
        "branch" : "main",
        "revision" : "5d169ca9f18274ee6118fd50595d813c058047ed"
      }
    },
    {
      "identity" : "simplycoreaudio",
      "kind" : "remoteSourceControl",
      "location" : "https://github.com/rnine/SimplyCoreAudio",
      "state" : {
        "revision" : "35cc0e6eac5c2ee5049431f4238b0e333cf79869",
        "version" : "4.1.1"
      }
    },
    {
      "identity" : "swift-atomics",
      "kind" : "remoteSourceControl",
      "location" : "https://github.com/apple/swift-atomics.git",
      "state" : {
        "revision" : "cd142fd2f64be2100422d658e7411e39489da985",
        "version" : "1.2.0"
      }
    }
  ],
  "version" : 3
}
